// !$*UTF8*$!
{
	archiveVersion = 1;
	classes = {
	};
	objectVersion = 48;
	objects = {

/* Begin PBXBuildFile section */
		896247EA1D83F260D5DA24F7 /* Pods_iOS_App.framework in Frameworks */ = {isa = PBXBuildFile; fileRef = 61C4F03F9C77FECCBCE94F33 /* Pods_iOS_App.framework */; };
		F93F86D82025D85500D850AE /* GoogleService-Info.plist in Resources */ = {isa = PBXBuildFile; fileRef = F93F86D72025D85500D850AE /* GoogleService-Info.plist */; };
		F9538896202395CB00BF971C /* RegisterViewController.swift in Sources */ = {isa = PBXBuildFile; fileRef = F9538895202395CB00BF971C /* RegisterViewController.swift */; };
		F953889820239A4F00BF971C /* LogInViewController.swift in Sources */ = {isa = PBXBuildFile; fileRef = F953889720239A4F00BF971C /* LogInViewController.swift */; };
		F97E0D032023591D00E170A2 /* AppDelegate.swift in Sources */ = {isa = PBXBuildFile; fileRef = F97E0D022023591D00E170A2 /* AppDelegate.swift */; };
		F97E0D052023591D00E170A2 /* WelcomeViewController.swift in Sources */ = {isa = PBXBuildFile; fileRef = F97E0D042023591D00E170A2 /* WelcomeViewController.swift */; };
		F97E0D082023591D00E170A2 /* Main.storyboard in Resources */ = {isa = PBXBuildFile; fileRef = F97E0D062023591D00E170A2 /* Main.storyboard */; };
		F97E0D0B2023591D00E170A2 /* iOS_App.xcdatamodeld in Sources */ = {isa = PBXBuildFile; fileRef = F97E0D092023591D00E170A2 /* iOS_App.xcdatamodeld */; };
		F97E0D0D2023591D00E170A2 /* Assets.xcassets in Resources */ = {isa = PBXBuildFile; fileRef = F97E0D0C2023591D00E170A2 /* Assets.xcassets */; };
		F97E0D102023591D00E170A2 /* LaunchScreen.storyboard in Resources */ = {isa = PBXBuildFile; fileRef = F97E0D0E2023591D00E170A2 /* LaunchScreen.storyboard */; };
/* End PBXBuildFile section */

/* Begin PBXFileReference section */
		61C4F03F9C77FECCBCE94F33 /* Pods_iOS_App.framework */ = {isa = PBXFileReference; explicitFileType = wrapper.framework; includeInIndex = 0; path = Pods_iOS_App.framework; sourceTree = BUILT_PRODUCTS_DIR; };
		B727B476517BB80E6A5F6ED5 /* Pods-iOS_App.debug.xcconfig */ = {isa = PBXFileReference; includeInIndex = 1; lastKnownFileType = text.xcconfig; name = "Pods-iOS_App.debug.xcconfig"; path = "Pods/Target Support Files/Pods-iOS_App/Pods-iOS_App.debug.xcconfig"; sourceTree = "<group>"; };
		C8F7969558BB96F67703F30E /* Pods-iOS_App.release.xcconfig */ = {isa = PBXFileReference; includeInIndex = 1; lastKnownFileType = text.xcconfig; name = "Pods-iOS_App.release.xcconfig"; path = "Pods/Target Support Files/Pods-iOS_App/Pods-iOS_App.release.xcconfig"; sourceTree = "<group>"; };
		F93F86D72025D85500D850AE /* GoogleService-Info.plist */ = {isa = PBXFileReference; fileEncoding = 4; lastKnownFileType = text.plist.xml; path = "GoogleService-Info.plist"; sourceTree = "<group>"; };
		F9538895202395CB00BF971C /* RegisterViewController.swift */ = {isa = PBXFileReference; lastKnownFileType = sourcecode.swift; path = RegisterViewController.swift; sourceTree = "<group>"; };
		F953889720239A4F00BF971C /* LogInViewController.swift */ = {isa = PBXFileReference; lastKnownFileType = sourcecode.swift; path = LogInViewController.swift; sourceTree = "<group>"; };
		F97E0CFF2023591D00E170A2 /* iOS_App.app */ = {isa = PBXFileReference; explicitFileType = wrapper.application; includeInIndex = 0; path = iOS_App.app; sourceTree = BUILT_PRODUCTS_DIR; };
		F97E0D022023591D00E170A2 /* AppDelegate.swift */ = {isa = PBXFileReference; lastKnownFileType = sourcecode.swift; path = AppDelegate.swift; sourceTree = "<group>"; };
		F97E0D042023591D00E170A2 /* WelcomeViewController.swift */ = {isa = PBXFileReference; lastKnownFileType = sourcecode.swift; path = WelcomeViewController.swift; sourceTree = "<group>"; };
		F97E0D072023591D00E170A2 /* Base */ = {isa = PBXFileReference; lastKnownFileType = file.storyboard; name = Base; path = Base.lproj/Main.storyboard; sourceTree = "<group>"; };
		F97E0D0A2023591D00E170A2 /* iOS_App.xcdatamodel */ = {isa = PBXFileReference; lastKnownFileType = wrapper.xcdatamodel; path = iOS_App.xcdatamodel; sourceTree = "<group>"; };
		F97E0D0C2023591D00E170A2 /* Assets.xcassets */ = {isa = PBXFileReference; lastKnownFileType = folder.assetcatalog; path = Assets.xcassets; sourceTree = "<group>"; };
		F97E0D0F2023591D00E170A2 /* Base */ = {isa = PBXFileReference; lastKnownFileType = file.storyboard; name = Base; path = Base.lproj/LaunchScreen.storyboard; sourceTree = "<group>"; };
		F97E0D112023591D00E170A2 /* Info.plist */ = {isa = PBXFileReference; lastKnownFileType = text.plist.xml; path = Info.plist; sourceTree = "<group>"; };
/* End PBXFileReference section */

/* Begin PBXFrameworksBuildPhase section */
		F97E0CFC2023591D00E170A2 /* Frameworks */ = {
			isa = PBXFrameworksBuildPhase;
			buildActionMask = 2147483647;
			files = (
				896247EA1D83F260D5DA24F7 /* Pods_iOS_App.framework in Frameworks */,
			);
			runOnlyForDeploymentPostprocessing = 0;
		};
/* End PBXFrameworksBuildPhase section */

/* Begin PBXGroup section */
		03C9234D9B7FE294415D99EE /* Pods */ = {
			isa = PBXGroup;
			children = (
				B727B476517BB80E6A5F6ED5 /* Pods-iOS_App.debug.xcconfig */,
				C8F7969558BB96F67703F30E /* Pods-iOS_App.release.xcconfig */,
			);
			name = Pods;
			sourceTree = "<group>";
		};
		DB230719C6C36FDA0350CBF1 /* Frameworks */ = {
			isa = PBXGroup;
			children = (
				61C4F03F9C77FECCBCE94F33 /* Pods_iOS_App.framework */,
			);
			name = Frameworks;
			sourceTree = "<group>";
		};
		F97E0CF62023591D00E170A2 = {
			isa = PBXGroup;
			children = (
				F97E0D012023591D00E170A2 /* iOS_App */,
				F97E0D002023591D00E170A2 /* Products */,
				03C9234D9B7FE294415D99EE /* Pods */,
				DB230719C6C36FDA0350CBF1 /* Frameworks */,
			);
			sourceTree = "<group>";
		};
		F97E0D002023591D00E170A2 /* Products */ = {
			isa = PBXGroup;
			children = (
				F97E0CFF2023591D00E170A2 /* iOS_App.app */,
			);
			name = Products;
			sourceTree = "<group>";
		};
		F97E0D012023591D00E170A2 /* iOS_App */ = {
			isa = PBXGroup;
			children = (
				F97E0D1A2023600400E170A2 /* Model */,
				F97E0D192023600000E170A2 /* View */,
				F97E0D1820235FFD00E170A2 /* Controller */,
				F97E0D1720235FF900E170A2 /* Supporting Files */,
				F97E0D0C2023591D00E170A2 /* Assets.xcassets */,
			);
			path = iOS_App;
			sourceTree = "<group>";
		};
		F97E0D1720235FF900E170A2 /* Supporting Files */ = {
			isa = PBXGroup;
			children = (
				F97E0D112023591D00E170A2 /* Info.plist */,
				F93F86D72025D85500D850AE /* GoogleService-Info.plist */,
			);
			path = "Supporting Files";
			sourceTree = "<group>";
		};
		F97E0D1820235FFD00E170A2 /* Controller */ = {
			isa = PBXGroup;
			children = (
				F97E0D022023591D00E170A2 /* AppDelegate.swift */,
				F97E0D042023591D00E170A2 /* WelcomeViewController.swift */,
				F9538895202395CB00BF971C /* RegisterViewController.swift */,
				F953889720239A4F00BF971C /* LogInViewController.swift */,
			);
			path = Controller;
			sourceTree = "<group>";
		};
		F97E0D192023600000E170A2 /* View */ = {
			isa = PBXGroup;
			children = (
				F97E0D062023591D00E170A2 /* Main.storyboard */,
				F97E0D0E2023591D00E170A2 /* LaunchScreen.storyboard */,
			);
			path = View;
			sourceTree = "<group>";
		};
		F97E0D1A2023600400E170A2 /* Model */ = {
			isa = PBXGroup;
			children = (
				F97E0D1B2023607F00E170A2 /* Data Model */,
			);
			path = Model;
			sourceTree = "<group>";
		};
		F97E0D1B2023607F00E170A2 /* Data Model */ = {
			isa = PBXGroup;
			children = (
				F97E0D092023591D00E170A2 /* iOS_App.xcdatamodeld */,
			);
			path = "Data Model";
			sourceTree = "<group>";
		};
/* End PBXGroup section */

/* Begin PBXNativeTarget section */
		F97E0CFE2023591D00E170A2 /* iOS_App */ = {
			isa = PBXNativeTarget;
			buildConfigurationList = F97E0D142023591D00E170A2 /* Build configuration list for PBXNativeTarget "iOS_App" */;
			buildPhases = (
				7528FB3358F6D9496DE8F51E /* [CP] Check Pods Manifest.lock */,
				F97E0CFB2023591D00E170A2 /* Sources */,
				F97E0CFC2023591D00E170A2 /* Frameworks */,
				F97E0CFD2023591D00E170A2 /* Resources */,
				68A877B51012ED2AFEBE4C71 /* [CP] Embed Pods Frameworks */,
				5A496DDEFC9448FD5E70CCE9 /* [CP] Copy Pods Resources */,
			);
			buildRules = (
			);
			dependencies = (
			);
			name = iOS_App;
			productName = iOS_App;
			productReference = F97E0CFF2023591D00E170A2 /* iOS_App.app */;
			productType = "com.apple.product-type.application";
		};
/* End PBXNativeTarget section */

/* Begin PBXProject section */
		F97E0CF72023591D00E170A2 /* Project object */ = {
			isa = PBXProject;
			attributes = {
				LastSwiftUpdateCheck = 0920;
				LastUpgradeCheck = 0920;
				ORGANIZATIONNAME = "Ohad Brunner";
				TargetAttributes = {
					F97E0CFE2023591D00E170A2 = {
						CreatedOnToolsVersion = 9.2;
						ProvisioningStyle = Automatic;
					};
				};
			};
			buildConfigurationList = F97E0CFA2023591D00E170A2 /* Build configuration list for PBXProject "iOS_App" */;
			compatibilityVersion = "Xcode 8.0";
			developmentRegion = en;
			hasScannedForEncodings = 0;
			knownRegions = (
				en,
				Base,
			);
			mainGroup = F97E0CF62023591D00E170A2;
			productRefGroup = F97E0D002023591D00E170A2 /* Products */;
			projectDirPath = "";
			projectRoot = "";
			targets = (
				F97E0CFE2023591D00E170A2 /* iOS_App */,
			);
		};
/* End PBXProject section */

/* Begin PBXResourcesBuildPhase section */
		F97E0CFD2023591D00E170A2 /* Resources */ = {
			isa = PBXResourcesBuildPhase;
			buildActionMask = 2147483647;
			files = (
				F93F86D82025D85500D850AE /* GoogleService-Info.plist in Resources */,
				F97E0D102023591D00E170A2 /* LaunchScreen.storyboard in Resources */,
				F97E0D0D2023591D00E170A2 /* Assets.xcassets in Resources */,
				F97E0D082023591D00E170A2 /* Main.storyboard in Resources */,
			);
			runOnlyForDeploymentPostprocessing = 0;
		};
/* End PBXResourcesBuildPhase section */

/* Begin PBXShellScriptBuildPhase section */
		5A496DDEFC9448FD5E70CCE9 /* [CP] Copy Pods Resources */ = {
			isa = PBXShellScriptBuildPhase;
			buildActionMask = 2147483647;
			files = (
			);
			inputPaths = (
			);
			name = "[CP] Copy Pods Resources";
			outputPaths = (
			);
			runOnlyForDeploymentPostprocessing = 0;
			shellPath = /bin/sh;
			shellScript = "\"${SRCROOT}/Pods/Target Support Files/Pods-iOS_App/Pods-iOS_App-resources.sh\"\n";
			showEnvVarsInLog = 0;
		};
		68A877B51012ED2AFEBE4C71 /* [CP] Embed Pods Frameworks */ = {
			isa = PBXShellScriptBuildPhase;
			buildActionMask = 2147483647;
			files = (
			);
			inputPaths = (
				"${SRCROOT}/Pods/Target Support Files/Pods-iOS_App/Pods-iOS_App-frameworks.sh",
				"${BUILT_PRODUCTS_DIR}/ChameleonFramework/ChameleonFramework.framework",
				"${BUILT_PRODUCTS_DIR}/GTMSessionFetcher/GTMSessionFetcher.framework",
				"${BUILT_PRODUCTS_DIR}/GoogleToolboxForMac/GoogleToolboxForMac.framework",
				"${BUILT_PRODUCTS_DIR}/SVProgressHUD/SVProgressHUD.framework",
				"${BUILT_PRODUCTS_DIR}/leveldb-library/leveldb.framework",
				"${BUILT_PRODUCTS_DIR}/nanopb/nanopb.framework",
			);
			name = "[CP] Embed Pods Frameworks";
			outputPaths = (
				"${TARGET_BUILD_DIR}/${FRAMEWORKS_FOLDER_PATH}/ChameleonFramework.framework",
				"${TARGET_BUILD_DIR}/${FRAMEWORKS_FOLDER_PATH}/GTMSessionFetcher.framework",
				"${TARGET_BUILD_DIR}/${FRAMEWORKS_FOLDER_PATH}/GoogleToolboxForMac.framework",
				"${TARGET_BUILD_DIR}/${FRAMEWORKS_FOLDER_PATH}/SVProgressHUD.framework",
				"${TARGET_BUILD_DIR}/${FRAMEWORKS_FOLDER_PATH}/leveldb.framework",
				"${TARGET_BUILD_DIR}/${FRAMEWORKS_FOLDER_PATH}/nanopb.framework",
			);
			runOnlyForDeploymentPostprocessing = 0;
			shellPath = /bin/sh;
			shellScript = "\"${SRCROOT}/Pods/Target Support Files/Pods-iOS_App/Pods-iOS_App-frameworks.sh\"\n";
			showEnvVarsInLog = 0;
		};
		7528FB3358F6D9496DE8F51E /* [CP] Check Pods Manifest.lock */ = {
			isa = PBXShellScriptBuildPhase;
			buildActionMask = 2147483647;
			files = (
			);
			inputPaths = (
				"${PODS_PODFILE_DIR_PATH}/Podfile.lock",
				"${PODS_ROOT}/Manifest.lock",
			);
			name = "[CP] Check Pods Manifest.lock";
			outputPaths = (
				"$(DERIVED_FILE_DIR)/Pods-iOS_App-checkManifestLockResult.txt",
			);
			runOnlyForDeploymentPostprocessing = 0;
			shellPath = /bin/sh;
			shellScript = "diff \"${PODS_PODFILE_DIR_PATH}/Podfile.lock\" \"${PODS_ROOT}/Manifest.lock\" > /dev/null\nif [ $? != 0 ] ; then\n    # print error to STDERR\n    echo \"error: The sandbox is not in sync with the Podfile.lock. Run 'pod install' or update your CocoaPods installation.\" >&2\n    exit 1\nfi\n# This output is used by Xcode 'outputs' to avoid re-running this script phase.\necho \"SUCCESS\" > \"${SCRIPT_OUTPUT_FILE_0}\"\n";
			showEnvVarsInLog = 0;
		};
/* End PBXShellScriptBuildPhase section */

/* Begin PBXSourcesBuildPhase section */
		F97E0CFB2023591D00E170A2 /* Sources */ = {
			isa = PBXSourcesBuildPhase;
			buildActionMask = 2147483647;
			files = (
				F97E0D052023591D00E170A2 /* WelcomeViewController.swift in Sources */,
				F97E0D0B2023591D00E170A2 /* iOS_App.xcdatamodeld in Sources */,
				F97E0D032023591D00E170A2 /* AppDelegate.swift in Sources */,
				F953889820239A4F00BF971C /* LogInViewController.swift in Sources */,
				F9538896202395CB00BF971C /* RegisterViewController.swift in Sources */,
			);
			runOnlyForDeploymentPostprocessing = 0;
		};
/* End PBXSourcesBuildPhase section */

/* Begin PBXVariantGroup section */
		F97E0D062023591D00E170A2 /* Main.storyboard */ = {
			isa = PBXVariantGroup;
			children = (
				F97E0D072023591D00E170A2 /* Base */,
			);
			name = Main.storyboard;
			sourceTree = "<group>";
		};
		F97E0D0E2023591D00E170A2 /* LaunchScreen.storyboard */ = {
			isa = PBXVariantGroup;
			children = (
				F97E0D0F2023591D00E170A2 /* Base */,
			);
			name = LaunchScreen.storyboard;
			sourceTree = "<group>";
		};
/* End PBXVariantGroup section */

/* Begin XCBuildConfiguration section */
		F97E0D122023591D00E170A2 /* Debug */ = {
			isa = XCBuildConfiguration;
			buildSettings = {
				ALWAYS_SEARCH_USER_PATHS = NO;
				CLANG_ANALYZER_NONNULL = YES;
				CLANG_ANALYZER_NUMBER_OBJECT_CONVERSION = YES_AGGRESSIVE;
				CLANG_CXX_LANGUAGE_STANDARD = "gnu++14";
				CLANG_CXX_LIBRARY = "libc++";
				CLANG_ENABLE_MODULES = YES;
				CLANG_ENABLE_OBJC_ARC = YES;
				CLANG_WARN_BLOCK_CAPTURE_AUTORELEASING = YES;
				CLANG_WARN_BOOL_CONVERSION = YES;
				CLANG_WARN_COMMA = YES;
				CLANG_WARN_CONSTANT_CONVERSION = YES;
				CLANG_WARN_DIRECT_OBJC_ISA_USAGE = YES_ERROR;
				CLANG_WARN_DOCUMENTATION_COMMENTS = YES;
				CLANG_WARN_EMPTY_BODY = YES;
				CLANG_WARN_ENUM_CONVERSION = YES;
				CLANG_WARN_INFINITE_RECURSION = YES;
				CLANG_WARN_INT_CONVERSION = YES;
				CLANG_WARN_NON_LITERAL_NULL_CONVERSION = YES;
				CLANG_WARN_OBJC_LITERAL_CONVERSION = YES;
				CLANG_WARN_OBJC_ROOT_CLASS = YES_ERROR;
				CLANG_WARN_RANGE_LOOP_ANALYSIS = YES;
				CLANG_WARN_STRICT_PROTOTYPES = YES;
				CLANG_WARN_SUSPICIOUS_MOVE = YES;
				CLANG_WARN_UNGUARDED_AVAILABILITY = YES_AGGRESSIVE;
				CLANG_WARN_UNREACHABLE_CODE = YES;
				CLANG_WARN__DUPLICATE_METHOD_MATCH = YES;
				CODE_SIGN_IDENTITY = "iPhone Developer";
				COPY_PHASE_STRIP = NO;
				DEBUG_INFORMATION_FORMAT = dwarf;
				ENABLE_STRICT_OBJC_MSGSEND = YES;
				ENABLE_TESTABILITY = YES;
				GCC_C_LANGUAGE_STANDARD = gnu11;
				GCC_DYNAMIC_NO_PIC = NO;
				GCC_NO_COMMON_BLOCKS = YES;
				GCC_OPTIMIZATION_LEVEL = 0;
				GCC_PREPROCESSOR_DEFINITIONS = (
					"DEBUG=1",
					"$(inherited)",
				);
				GCC_WARN_64_TO_32_BIT_CONVERSION = YES;
				GCC_WARN_ABOUT_RETURN_TYPE = YES_ERROR;
				GCC_WARN_UNDECLARED_SELECTOR = YES;
				GCC_WARN_UNINITIALIZED_AUTOS = YES_AGGRESSIVE;
				GCC_WARN_UNUSED_FUNCTION = YES;
				GCC_WARN_UNUSED_VARIABLE = YES;
				IPHONEOS_DEPLOYMENT_TARGET = 10.0;
				MTL_ENABLE_DEBUG_INFO = YES;
				ONLY_ACTIVE_ARCH = YES;
				SDKROOT = iphoneos;
				SWIFT_ACTIVE_COMPILATION_CONDITIONS = DEBUG;
				SWIFT_OPTIMIZATION_LEVEL = "-Onone";
			};
			name = Debug;
		};
		F97E0D132023591D00E170A2 /* Release */ = {
			isa = XCBuildConfiguration;
			buildSettings = {
				ALWAYS_SEARCH_USER_PATHS = NO;
				CLANG_ANALYZER_NONNULL = YES;
				CLANG_ANALYZER_NUMBER_OBJECT_CONVERSION = YES_AGGRESSIVE;
				CLANG_CXX_LANGUAGE_STANDARD = "gnu++14";
				CLANG_CXX_LIBRARY = "libc++";
				CLANG_ENABLE_MODULES = YES;
				CLANG_ENABLE_OBJC_ARC = YES;
				CLANG_WARN_BLOCK_CAPTURE_AUTORELEASING = YES;
				CLANG_WARN_BOOL_CONVERSION = YES;
				CLANG_WARN_COMMA = YES;
				CLANG_WARN_CONSTANT_CONVERSION = YES;
				CLANG_WARN_DIRECT_OBJC_ISA_USAGE = YES_ERROR;
				CLANG_WARN_DOCUMENTATION_COMMENTS = YES;
				CLANG_WARN_EMPTY_BODY = YES;
				CLANG_WARN_ENUM_CONVERSION = YES;
				CLANG_WARN_INFINITE_RECURSION = YES;
				CLANG_WARN_INT_CONVERSION = YES;
				CLANG_WARN_NON_LITERAL_NULL_CONVERSION = YES;
				CLANG_WARN_OBJC_LITERAL_CONVERSION = YES;
				CLANG_WARN_OBJC_ROOT_CLASS = YES_ERROR;
				CLANG_WARN_RANGE_LOOP_ANALYSIS = YES;
				CLANG_WARN_STRICT_PROTOTYPES = YES;
				CLANG_WARN_SUSPICIOUS_MOVE = YES;
				CLANG_WARN_UNGUARDED_AVAILABILITY = YES_AGGRESSIVE;
				CLANG_WARN_UNREACHABLE_CODE = YES;
				CLANG_WARN__DUPLICATE_METHOD_MATCH = YES;
				CODE_SIGN_IDENTITY = "iPhone Developer";
				COPY_PHASE_STRIP = NO;
				DEBUG_INFORMATION_FORMAT = "dwarf-with-dsym";
				ENABLE_NS_ASSERTIONS = NO;
				ENABLE_STRICT_OBJC_MSGSEND = YES;
				GCC_C_LANGUAGE_STANDARD = gnu11;
				GCC_NO_COMMON_BLOCKS = YES;
				GCC_WARN_64_TO_32_BIT_CONVERSION = YES;
				GCC_WARN_ABOUT_RETURN_TYPE = YES_ERROR;
				GCC_WARN_UNDECLARED_SELECTOR = YES;
				GCC_WARN_UNINITIALIZED_AUTOS = YES_AGGRESSIVE;
				GCC_WARN_UNUSED_FUNCTION = YES;
				GCC_WARN_UNUSED_VARIABLE = YES;
				IPHONEOS_DEPLOYMENT_TARGET = 10.0;
				MTL_ENABLE_DEBUG_INFO = NO;
				SDKROOT = iphoneos;
				SWIFT_OPTIMIZATION_LEVEL = "-Owholemodule";
				VALIDATE_PRODUCT = YES;
			};
			name = Release;
		};
		F97E0D152023591D00E170A2 /* Debug */ = {
			isa = XCBuildConfiguration;
			baseConfigurationReference = B727B476517BB80E6A5F6ED5 /* Pods-iOS_App.debug.xcconfig */;
			buildSettings = {
				ASSETCATALOG_COMPILER_APPICON_NAME = AppIcon;
				CODE_SIGN_STYLE = Automatic;
				DEVELOPMENT_TEAM = SYV24P5P98;
				INFOPLIST_FILE = "$(SRCROOT)/iOS_App/Supporting Files/Info.plist";
				LD_RUNPATH_SEARCH_PATHS = "$(inherited) @executable_path/Frameworks";
				PRODUCT_BUNDLE_IDENTIFIER = "com.Brunner.iOS-App";
				PRODUCT_NAME = "$(TARGET_NAME)";
				SWIFT_VERSION = 4.0;
				TARGETED_DEVICE_FAMILY = "1,2";
			};
			name = Debug;
		};
		F97E0D162023591D00E170A2 /* Release */ = {
			isa = XCBuildConfiguration;
			baseConfigurationReference = C8F7969558BB96F67703F30E /* Pods-iOS_App.release.xcconfig */;
			buildSettings = {
				ASSETCATALOG_COMPILER_APPICON_NAME = AppIcon;
				CODE_SIGN_STYLE = Automatic;
				DEVELOPMENT_TEAM = SYV24P5P98;
				INFOPLIST_FILE = "$(SRCROOT)/iOS_App/Supporting Files/Info.plist";
				LD_RUNPATH_SEARCH_PATHS = "$(inherited) @executable_path/Frameworks";
				PRODUCT_BUNDLE_IDENTIFIER = "com.Brunner.iOS-App";
				PRODUCT_NAME = "$(TARGET_NAME)";
				SWIFT_VERSION = 4.0;
				TARGETED_DEVICE_FAMILY = "1,2";
			};
			name = Release;
		};
/* End XCBuildConfiguration section */

/* Begin XCConfigurationList section */
		F97E0CFA2023591D00E170A2 /* Build configuration list for PBXProject "iOS_App" */ = {
			isa = XCConfigurationList;
			buildConfigurations = (
				F97E0D122023591D00E170A2 /* Debug */,
				F97E0D132023591D00E170A2 /* Release */,
			);
			defaultConfigurationIsVisible = 0;
			defaultConfigurationName = Release;
		};
		F97E0D142023591D00E170A2 /* Build configuration list for PBXNativeTarget "iOS_App" */ = {
			isa = XCConfigurationList;
			buildConfigurations = (
				F97E0D152023591D00E170A2 /* Debug */,
				F97E0D162023591D00E170A2 /* Release */,
			);
			defaultConfigurationIsVisible = 0;
			defaultConfigurationName = Release;
		};
/* End XCConfigurationList section */

/* Begin XCVersionGroup section */
		F97E0D092023591D00E170A2 /* iOS_App.xcdatamodeld */ = {
			isa = XCVersionGroup;
			children = (
				F97E0D0A2023591D00E170A2 /* iOS_App.xcdatamodel */,
			);
			currentVersion = F97E0D0A2023591D00E170A2 /* iOS_App.xcdatamodel */;
			path = iOS_App.xcdatamodeld;
			sourceTree = "<group>";
			versionGroupType = wrapper.xcdatamodel;
		};
/* End XCVersionGroup section */
	};
	rootObject = F97E0CF72023591D00E170A2 /* Project object */;
}
